
Microsoft Visual Studio Solution File, Format Version 12.00
# Visual Studio Version 17
VisualStudioVersion = 17.8.34408.163
MinimumVisualStudioVersion = 10.0.40219.1
Project("{FAE04EC0-301F-11D3-BF4B-00C04F79EFBC}") = "Entity", "Entity\Entity.csproj", "{7A451BB3-81AD-404A-BA52-A430F74A598A}"
EndProject
Project("{FAE04EC0-301F-11D3-BF4B-00C04F79EFBC}") = "DataAccess", "DataAccess\DataAccess.csproj", "{5894EAC2-E908-4F33-9C62-599FFBCAB751}"
EndProject
Project("{FAE04EC0-301F-11D3-BF4B-00C04F79EFBC}") = "Business", "Business\Business.csproj", "{0E0F805F-29BD-4F4B-BC18-E4361A39EBDD}"
EndProject
Project("{FAE04EC0-301F-11D3-BF4B-00C04F79EFBC}") = "TestUI", "TestUI\TestUI.csproj", "{981CAE53-885A-4037-9317-8C6F8C4F8D1A}"
EndProject
Project("{FAE04EC0-301F-11D3-BF4B-00C04F79EFBC}") = "Core", "Core\Core.csproj", "{5D9C90F9-78F5-4A20-BDDF-BF4208022D98}"
EndProject
Project("{FAE04EC0-301F-11D3-BF4B-00C04F79EFBC}") = "Frontend1", "Frontend1\Frontend1.csproj", "{465B4727-BD99-4B0D-A5CB-07D42FBCD54E}"
EndProject
Project("{FAE04EC0-301F-11D3-BF4B-00C04F79EFBC}") = "FrontendAdmin", "FrontendAdmin\FrontendAdmin.csproj", "{53A9C5D4-7AB9-482D-9988-F46F4D0C6FD2}"
EndProject
Project("{FAE04EC0-301F-11D3-BF4B-00C04F79EFBC}") = "API", "API\API.csproj", "{73B302FF-BB8E-488C-B0B0-AB4FD6DB643E}"
EndProject
Project("{FAE04EC0-301F-11D3-BF4B-00C04F79EFBC}") = "AIWebSite3.0", "AIWebSite3.0\AIWebSite3.0.csproj", "{713A8BAE-0224-4858-B9FC-EF616960D6E0}"
EndProject
Global
	GlobalSection(SolutionConfigurationPlatforms) = preSolution
		Debug|Any CPU = Debug|Any CPU
		Release|Any CPU = Release|Any CPU
	EndGlobalSection
	GlobalSection(ProjectConfigurationPlatforms) = postSolution
		{7A451BB3-81AD-404A-BA52-A430F74A598A}.Debug|Any CPU.ActiveCfg = Debug|Any CPU
		{7A451BB3-81AD-404A-BA52-A430F74A598A}.Debug|Any CPU.Build.0 = Debug|Any CPU
		{7A451BB3-81AD-404A-BA52-A430F74A598A}.Release|Any CPU.ActiveCfg = Release|Any CPU
		{7A451BB3-81AD-404A-BA52-A430F74A598A}.Release|Any CPU.Build.0 = Release|Any CPU
		{5894EAC2-E908-4F33-9C62-599FFBCAB751}.Debug|Any CPU.ActiveCfg = Debug|Any CPU
		{5894EAC2-E908-4F33-9C62-599FFBCAB751}.Debug|Any CPU.Build.0 = Debug|Any CPU
		{5894EAC2-E908-4F33-9C62-599FFBCAB751}.Release|Any CPU.ActiveCfg = Release|Any CPU
		{5894EAC2-E908-4F33-9C62-599FFBCAB751}.Release|Any CPU.Build.0 = Release|Any CPU
		{0E0F805F-29BD-4F4B-BC18-E4361A39EBDD}.Debug|Any CPU.ActiveCfg = Debug|Any CPU
		{0E0F805F-29BD-4F4B-BC18-E4361A39EBDD}.Debug|Any CPU.Build.0 = Debug|Any CPU
		{0E0F805F-29BD-4F4B-BC18-E4361A39EBDD}.Release|Any CPU.ActiveCfg = Release|Any CPU
		{0E0F805F-29BD-4F4B-BC18-E4361A39EBDD}.Release|Any CPU.Build.0 = Release|Any CPU
		{981CAE53-885A-4037-9317-8C6F8C4F8D1A}.Debug|Any CPU.ActiveCfg = Debug|Any CPU
		{981CAE53-885A-4037-9317-8C6F8C4F8D1A}.Debug|Any CPU.Build.0 = Debug|Any CPU
		{981CAE53-885A-4037-9317-8C6F8C4F8D1A}.Release|Any CPU.ActiveCfg = Release|Any CPU
		{981CAE53-885A-4037-9317-8C6F8C4F8D1A}.Release|Any CPU.Build.0 = Release|Any CPU
		{5D9C90F9-78F5-4A20-BDDF-BF4208022D98}.Debug|Any CPU.ActiveCfg = Debug|Any CPU
		{5D9C90F9-78F5-4A20-BDDF-BF4208022D98}.Debug|Any CPU.Build.0 = Debug|Any CPU
		{5D9C90F9-78F5-4A20-BDDF-BF4208022D98}.Release|Any CPU.ActiveCfg = Release|Any CPU
		{5D9C90F9-78F5-4A20-BDDF-BF4208022D98}.Release|Any CPU.Build.0 = Release|Any CPU
		{465B4727-BD99-4B0D-A5CB-07D42FBCD54E}.Debug|Any CPU.ActiveCfg = Debug|Any CPU
		{465B4727-BD99-4B0D-A5CB-07D42FBCD54E}.Debug|Any CPU.Build.0 = Debug|Any CPU
		{465B4727-BD99-4B0D-A5CB-07D42FBCD54E}.Release|Any CPU.ActiveCfg = Release|Any CPU
		{465B4727-BD99-4B0D-A5CB-07D42FBCD54E}.Release|Any CPU.Build.0 = Release|Any CPU
		{53A9C5D4-7AB9-482D-9988-F46F4D0C6FD2}.Debug|Any CPU.ActiveCfg = Debug|Any CPU
		{53A9C5D4-7AB9-482D-9988-F46F4D0C6FD2}.Debug|Any CPU.Build.0 = Debug|Any CPU
		{53A9C5D4-7AB9-482D-9988-F46F4D0C6FD2}.Release|Any CPU.ActiveCfg = Release|Any CPU
		{53A9C5D4-7AB9-482D-9988-F46F4D0C6FD2}.Release|Any CPU.Build.0 = Release|Any CPU
		{73B302FF-BB8E-488C-B0B0-AB4FD6DB643E}.Debug|Any CPU.ActiveCfg = Debug|Any CPU
		{73B302FF-BB8E-488C-B0B0-AB4FD6DB643E}.Debug|Any CPU.Build.0 = Debug|Any CPU
		{73B302FF-BB8E-488C-B0B0-AB4FD6DB643E}.Release|Any CPU.ActiveCfg = Release|Any CPU
		{73B302FF-BB8E-488C-B0B0-AB4FD6DB643E}.Release|Any CPU.Build.0 = Release|Any CPU
		{713A8BAE-0224-4858-B9FC-EF616960D6E0}.Debug|Any CPU.ActiveCfg = Debug|Any CPU
		{713A8BAE-0224-4858-B9FC-EF616960D6E0}.Debug|Any CPU.Build.0 = Debug|Any CPU
		{713A8BAE-0224-4858-B9FC-EF616960D6E0}.Release|Any CPU.ActiveCfg = Release|Any CPU
		{713A8BAE-0224-4858-B9FC-EF616960D6E0}.Release|Any CPU.Build.0 = Release|Any CPU
	EndGlobalSection
	GlobalSection(SolutionProperties) = preSolution
		HideSolutionNode = FALSE
	EndGlobalSection
	GlobalSection(ExtensibilityGlobals) = postSolution
		SolutionGuid = {23E9866B-9A0F-4CF4-88FF-754F79518CCB}
	EndGlobalSection
EndGlobal
